
Microsoft Visual Studio Solution File, Format Version 12.00
# Visual Studio Version 16
VisualStudioVersion = 16.0.31005.135
MinimumVisualStudioVersion = 10.0.40219.1
Project("{FAE04EC0-301F-11D3-BF4B-00C04F79EFBC}") = "AlgoritmsLesson7Task", "AlgoritmsLesson7Task\AlgoritmsLesson7Task.csproj", "{3F18EC7F-ED4E-41FB-BB22-68D949748543}"
EndProject
Project("{FAE04EC0-301F-11D3-BF4B-00C04F79EFBC}") = "TestGetCountWay", "TestGetCountWay\TestGetCountWay.csproj", "{32032425-8608-43A7-8CDA-9FA223E3D0C7}"
EndProject
Global
	GlobalSection(SolutionConfigurationPlatforms) = preSolution
		Debug|Any CPU = Debug|Any CPU
		Release|Any CPU = Release|Any CPU
	EndGlobalSection
	GlobalSection(ProjectConfigurationPlatforms) = postSolution
		{3F18EC7F-ED4E-41FB-BB22-68D949748543}.Debug|Any CPU.ActiveCfg = Debug|Any CPU
		{3F18EC7F-ED4E-41FB-BB22-68D949748543}.Debug|Any CPU.Build.0 = Debug|Any CPU
		{3F18EC7F-ED4E-41FB-BB22-68D949748543}.Release|Any CPU.ActiveCfg = Release|Any CPU
		{3F18EC7F-ED4E-41FB-BB22-68D949748543}.Release|Any CPU.Build.0 = Release|Any CPU
		{32032425-8608-43A7-8CDA-9FA223E3D0C7}.Debug|Any CPU.ActiveCfg = Debug|Any CPU
		{32032425-8608-43A7-8CDA-9FA223E3D0C7}.Debug|Any CPU.Build.0 = Debug|Any CPU
		{32032425-8608-43A7-8CDA-9FA223E3D0C7}.Release|Any CPU.ActiveCfg = Release|Any CPU
		{32032425-8608-43A7-8CDA-9FA223E3D0C7}.Release|Any CPU.Build.0 = Release|Any CPU
	EndGlobalSection
	GlobalSection(SolutionProperties) = preSolution
		HideSolutionNode = FALSE
	EndGlobalSection
	GlobalSection(ExtensibilityGlobals) = postSolution
		SolutionGuid = {A73008F7-7F9A-4D52-AC79-290CABCBB4FB}
	EndGlobalSection
EndGlobal
